
Microsoft Visual Studio Solution File, Format Version 12.00
# Visual Studio Version 16
VisualStudioVersion = 16.0.31025.194
MinimumVisualStudioVersion = 10.0.40219.1
Project("{FAE04EC0-301F-11D3-BF4B-00C04F79EFBC}") = "20210611carFixMgr", "20210611carFixMgr\20210611carFixMgr.csproj", "{16FFE41A-C9E9-48BE-9F0A-64926F5156F3}"
EndProject
Global
	GlobalSection(SolutionConfigurationPlatforms) = preSolution
		Debug|Any CPU = Debug|Any CPU
		Release|Any CPU = Release|Any CPU
	EndGlobalSection
	GlobalSection(ProjectConfigurationPlatforms) = postSolution
		{16FFE41A-C9E9-48BE-9F0A-64926F5156F3}.Debug|Any CPU.ActiveCfg = Debug|Any CPU
		{16FFE41A-C9E9-48BE-9F0A-64926F5156F3}.Debug|Any CPU.Build.0 = Debug|Any CPU
		{16FFE41A-C9E9-48BE-9F0A-64926F5156F3}.Release|Any CPU.ActiveCfg = Release|Any CPU
		{16FFE41A-C9E9-48BE-9F0A-64926F5156F3}.Release|Any CPU.Build.0 = Release|Any CPU
	EndGlobalSection
	GlobalSection(SolutionProperties) = preSolution
		HideSolutionNode = FALSE
	EndGlobalSection
	GlobalSection(ExtensibilityGlobals) = postSolution
		SolutionGuid = {73E4D899-1B74-44CD-B47D-DD07F5CD44CA}
	EndGlobalSection
EndGlobal
