
Microsoft Visual Studio Solution File, Format Version 12.00
# Visual Studio Version 16
VisualStudioVersion = 16.0.31025.194
MinimumVisualStudioVersion = 10.0.40219.1
Project("{FAE04EC0-301F-11D3-BF4B-00C04F79EFBC}") = "20210610Class", "20210610Class\20210610Class.csproj", "{1FECE501-38E5-4425-9858-6EABCBB05FF8}"
EndProject
Global
	GlobalSection(SolutionConfigurationPlatforms) = preSolution
		Debug|Any CPU = Debug|Any CPU
		Release|Any CPU = Release|Any CPU
	EndGlobalSection
	GlobalSection(ProjectConfigurationPlatforms) = postSolution
		{1FECE501-38E5-4425-9858-6EABCBB05FF8}.Debug|Any CPU.ActiveCfg = Debug|Any CPU
		{1FECE501-38E5-4425-9858-6EABCBB05FF8}.Debug|Any CPU.Build.0 = Debug|Any CPU
		{1FECE501-38E5-4425-9858-6EABCBB05FF8}.Release|Any CPU.ActiveCfg = Release|Any CPU
		{1FECE501-38E5-4425-9858-6EABCBB05FF8}.Release|Any CPU.Build.0 = Release|Any CPU
	EndGlobalSection
	GlobalSection(SolutionProperties) = preSolution
		HideSolutionNode = FALSE
	EndGlobalSection
	GlobalSection(ExtensibilityGlobals) = postSolution
		SolutionGuid = {47E357A9-4CFA-4731-9BEB-820C863B49C1}
	EndGlobalSection
EndGlobal
